# THIS IS AN AUTOGENERATED FILE. DO NOT EDIT THIS FILE DIRECTLY.
# yarn lockfile v1


"@ant-design/colors@^6.0.0":
  "integrity" "sha512-qAZRvPzfdWHtfameEGP2Qvuf838NhergR35o+EuVyB5XvSA98xod5r4utvi4TJ3ywmevm290g9nsCG5MryrdWQ=="
  "resolved" "https://registry.npmjs.org/@ant-design/colors/-/colors-6.0.0.tgz"
  "version" "6.0.0"
  dependencies:
    "@ctrl/tinycolor" "^3.4.0"

"@ant-design/icons-svg@^4.2.1":
  "integrity" "sha512-EB0iwlKDGpG93hW8f85CTJTs4SvMX7tt5ceupvhALp1IF44SeUFOMhKUOYqpsoYWQKAOuTRDMqn75rEaKDp0Xw=="
  "resolved" "https://registry.npmjs.org/@ant-design/icons-svg/-/icons-svg-4.2.1.tgz"
  "version" "4.2.1"

"@ant-design/icons@^4.7.0":
  "integrity" "sha512-aoB4Z7JA431rt6d4u+8xcNPPCrdufSRMUOpxa1ab6mz1JCQZOEVolj2WVs/tDFmN62zzK30mNelEsprLYsSF3g=="
  "resolved" "https://registry.npmjs.org/@ant-design/icons/-/icons-4.7.0.tgz"
  "version" "4.7.0"
  dependencies:
    "@ant-design/colors" "^6.0.0"
    "@ant-design/icons-svg" "^4.2.1"
    "@babel/runtime" "^7.11.2"
    "classnames" "^2.2.6"
    "rc-util" "^5.9.4"

"@ant-design/react-slick@~0.28.1":
  "integrity" "sha512-j9eAHTn7GxbXUFNknJoHS2ceAsqrQi2j8XykjZE1IXCD8kJF+t28EvhBLniDpbOsBk/3kjalnhriTfZcjBHNqg=="
  "resolved" "https://registry.npmjs.org/@ant-design/react-slick/-/react-slick-0.28.4.tgz"
  "version" "0.28.4"
  dependencies:
    "@babel/runtime" "^7.10.4"
    "classnames" "^2.2.5"
    "json2mq" "^0.2.0"
    "lodash" "^4.17.21"
    "resize-observer-polyfill" "^1.5.0"

"@babel/runtime@^7.10.1", "@babel/runtime@^7.10.2", "@babel/runtime@^7.10.4", "@babel/runtime@^7.11.1", "@babel/runtime@^7.11.2", "@babel/runtime@^7.12.5", "@babel/runtime@^7.8.4":
  "integrity" "sha512-hzeyJyMA1YGdJTuWU0e/j4wKXrU4OMFvY2MSlaI9B7VQb0r5cxTE3EAIS2Q7Tn2RIcDkRvTA/v2JsAEhxe99uw=="
  "resolved" "https://registry.npmjs.org/@babel/runtime/-/runtime-7.17.2.tgz"
  "version" "7.17.2"
  dependencies:
    "regenerator-runtime" "^0.13.4"

"@ctrl/tinycolor@^3.4.0":
  "integrity" "sha512-JZButFdZ1+/xAfpguQHoabIXkcqRRKpMrWKBkpEZZyxfY9C1DpADFB8PEqGSTeFr135SaTRfKqGKx5xSCLI7ZQ=="
  "resolved" "https://registry.npmjs.org/@ctrl/tinycolor/-/tinycolor-3.4.0.tgz"
  "version" "3.4.0"

"@next/env@12.1.0":
  "integrity" "sha512-nrIgY6t17FQ9xxwH3jj0a6EOiQ/WDHUos35Hghtr+SWN/ntHIQ7UpuvSi0vaLzZVHQWaDupKI+liO5vANcDeTQ=="
  "resolved" "https://registry.npmjs.org/@next/env/-/env-12.1.0.tgz"
  "version" "12.1.0"

"@next/swc-win32-ia32-msvc@12.1.0":
  "integrity" "sha512-iwnKgHJdqhIW19H9PRPM9j55V6RdcOo6rX+5imx832BCWzkDbyomWnlzBfr6ByUYfhohb8QuH4hSGEikpPqI0Q=="
  "resolved" "https://registry.npmjs.org/@next/swc-win32-ia32-msvc/-/swc-win32-ia32-msvc-12.1.0.tgz"
  "version" "12.1.0"

"@next/swc-win32-x64-msvc@12.1.0":
  "integrity" "sha512-aBvcbMwuanDH4EMrL2TthNJy+4nP59Bimn8egqv6GHMVj0a44cU6Au4PjOhLNqEh9l+IpRGBqMTzec94UdC5xg=="
  "resolved" "https://registry.npmjs.org/@next/swc-win32-x64-msvc/-/swc-win32-x64-msvc-12.1.0.tgz"
  "version" "12.1.0"

"@types/http-proxy@^1.17.8":
  "integrity" "sha512-5kPLG5BKpWYkw/LVOGWpiq3nEVqxiN32rTgI53Sk12/xHFQ2rG3ehI9IO+O3W2QoKeyB92dJkoka8SUm6BX1pA=="
  "resolved" "https://registry.npmjs.org/@types/http-proxy/-/http-proxy-1.17.8.tgz"
  "version" "1.17.8"
  dependencies:
    "@types/node" "*"

"@types/node@*":
  "integrity" "sha512-DBZCJbhII3r90XbQxI8Y9IjjiiOGlZ0Hr32omXIZvwwZ7p4DMMXGrKXVyPfuoBOri9XNtL0UK69jYIBIsRX3QQ=="
  "resolved" "https://registry.npmjs.org/@types/node/-/node-17.0.21.tgz"
  "version" "17.0.21"

"accepts@~1.3.8":
  "integrity" "sha512-PYAthTa2m2VKxuvSD3DPC/Gy+U+sOA1LAuT8mkmRuvw+NACSaeXEQ+NHcVF7rONl6qcaxV3Uuemwawk+7+SJLw=="
  "resolved" "https://registry.npmjs.org/accepts/-/accepts-1.3.8.tgz"
  "version" "1.3.8"
  dependencies:
    "mime-types" "~2.1.34"
    "negotiator" "0.6.3"

"antd@^4.19.1":
  "integrity" "sha512-bPy/MSLzJGcHQH549B3WpTRitt1O3b35cD6UhAR+4AhKZjFmOqNc+gSUY5j+IsaKfdv+FeOGmUOqAr2jrc3Oyg=="
  "resolved" "https://registry.npmjs.org/antd/-/antd-4.19.1.tgz"
  "version" "4.19.1"
  dependencies:
    "@ant-design/colors" "^6.0.0"
    "@ant-design/icons" "^4.7.0"
    "@ant-design/react-slick" "~0.28.1"
    "@babel/runtime" "^7.12.5"
    "@ctrl/tinycolor" "^3.4.0"
    "classnames" "^2.2.6"
    "copy-to-clipboard" "^3.2.0"
    "lodash" "^4.17.21"
    "memoize-one" "^6.0.0"
    "moment" "^2.25.3"
    "rc-cascader" "~3.2.1"
    "rc-checkbox" "~2.3.0"
    "rc-collapse" "~3.1.0"
    "rc-dialog" "~8.6.0"
    "rc-drawer" "~4.4.2"
    "rc-dropdown" "~3.3.2"
    "rc-field-form" "~1.23.0"
    "rc-image" "~5.2.5"
    "rc-input" "^0.0.1-alpha.5"
    "rc-input-number" "~7.3.0"
    "rc-mentions" "~1.6.1"
    "rc-menu" "~9.2.1"
    "rc-motion" "^2.4.4"
    "rc-notification" "~4.5.7"
    "rc-pagination" "~3.1.9"
    "rc-picker" "~2.6.4"
    "rc-progress" "~3.2.1"
    "rc-rate" "~2.9.0"
    "rc-resize-observer" "^1.2.0"
    "rc-select" "~14.0.0-alpha.15"
    "rc-slider" "~10.0.0-alpha.4"
    "rc-steps" "~4.1.0"
    "rc-switch" "~3.2.0"
    "rc-table" "~7.23.0"
    "rc-tabs" "~11.10.0"
    "rc-textarea" "~0.3.0"
    "rc-tooltip" "~5.1.1"
    "rc-tree" "~5.4.3"
    "rc-tree-select" "~5.1.1"
    "rc-trigger" "^5.2.10"
    "rc-upload" "~4.3.0"
    "rc-util" "^5.14.0"
    "scroll-into-view-if-needed" "^2.2.25"

"array-flatten@1.1.1":
  "integrity" "sha1-ml9pkFGx5wczKPKgCJaLZOopVdI="
  "resolved" "https://registry.npmjs.org/array-flatten/-/array-flatten-1.1.1.tgz"
  "version" "1.1.1"

"array-tree-filter@^2.1.0":
  "integrity" "sha512-4ROwICNlNw/Hqa9v+rk5h22KjmzB1JGTMVKP2AKJBOCgb0yL0ASf0+YvCcLNNwquOHNX48jkeZIJ3a+oOQqKcw=="
  "resolved" "https://registry.npmjs.org/array-tree-filter/-/array-tree-filter-2.1.0.tgz"
  "version" "2.1.0"

"async-validator@^4.0.2":
  "integrity" "sha512-Pj2IR7u8hmUEDOwB++su6baaRi+QvsgajuFB9j95foM1N2gy5HM4z60hfusIO0fBPG5uLAEl6yCJr1jNSVugEQ=="
  "resolved" "https://registry.npmjs.org/async-validator/-/async-validator-4.0.7.tgz"
  "version" "4.0.7"

"axios@^0.26.0":
  "integrity" "sha512-lKoGLMYtHvFrPVt3r+RBMp9nh34N0M8zEfCWqdWZx6phynIEhQqAdydpyBAAG211zlhX9Rgu08cOamy6XjE5Og=="
  "resolved" "https://registry.npmjs.org/axios/-/axios-0.26.0.tgz"
  "version" "0.26.0"
  dependencies:
    "follow-redirects" "^1.14.8"

"body-parser@1.19.2":
  "integrity" "sha512-SAAwOxgoCKMGs9uUAUFHygfLAyaniaoun6I8mFY9pRAJL9+Kec34aU+oIjDhTycub1jozEfEwx1W1IuOYxVSFw=="
  "resolved" "https://registry.npmjs.org/body-parser/-/body-parser-1.19.2.tgz"
  "version" "1.19.2"
  dependencies:
    "bytes" "3.1.2"
    "content-type" "~1.0.4"
    "debug" "2.6.9"
    "depd" "~1.1.2"
    "http-errors" "1.8.1"
    "iconv-lite" "0.4.24"
    "on-finished" "~2.3.0"
    "qs" "6.9.7"
    "raw-body" "2.4.3"
    "type-is" "~1.6.18"

"bootstrap@^5.1.3":
  "integrity" "sha512-fcQztozJ8jToQWXxVuEyXWW+dSo8AiXWKwiSSrKWsRB/Qt+Ewwza+JWoLKiTuQLaEPhdNAJ7+Dosc9DOIqNy7Q=="
  "resolved" "https://registry.npmjs.org/bootstrap/-/bootstrap-5.1.3.tgz"
  "version" "5.1.3"

"braces@^3.0.1":
  "integrity" "sha512-b8um+L1RzM3WDSzvhm6gIz1yfTbBt6YTlcEKAvsmqCZZFw46z626lVj9j1yEPW33H5H+lBQpZMP1k8l+78Ha0A=="
  "resolved" "https://registry.npmjs.org/braces/-/braces-3.0.2.tgz"
  "version" "3.0.2"
  dependencies:
    "fill-range" "^7.0.1"

"bytes@3.1.2":
  "integrity" "sha512-/Nf7TyzTx6S3yRJObOAV7956r8cr2+Oj8AC5dt8wSP3BQAoeX58NoHyCU8P8zGkNXStjTSi6fzO6F0pBdcYbEg=="
  "resolved" "https://registry.npmjs.org/bytes/-/bytes-3.1.2.tgz"
  "version" "3.1.2"

"caniuse-lite@^1.0.30001283":
  "integrity" "sha512-0zaSO+TnCHtHJIbpLroX7nsD+vYuOVjl3uzFbJO1wMVbuveJA0RK2WcQA9ZUIOiO0/ArMiMgHJLxfEZhQiC0kw=="
  "resolved" "https://registry.npmjs.org/caniuse-lite/-/caniuse-lite-1.0.30001314.tgz"
  "version" "1.0.30001314"

"classnames@^2.2.1", "classnames@^2.2.3", "classnames@^2.2.5", "classnames@^2.2.6", "classnames@^2.3.1", "classnames@2.x":
  "integrity" "sha512-OlQdbZ7gLfGarSqxesMesDa5uz7KFbID8Kpq/SxIoNGDqY8lSYs0D+hhtBXhcdB3rcbXArFr7vlHheLk1voeNA=="
  "resolved" "https://registry.npmjs.org/classnames/-/classnames-2.3.1.tgz"
  "version" "2.3.1"

"clsx@^1.1.1":
  "integrity" "sha512-6/bPho624p3S2pMyvP5kKBPXnI3ufHLObBFCfgx+LkeR5lg2XYy2hqZqUf45ypD8COn2bhgGJSUE+l5dhNBieA=="
  "resolved" "https://registry.npmjs.org/clsx/-/clsx-1.1.1.tgz"
  "version" "1.1.1"

"compute-scroll-into-view@^1.0.17":
  "integrity" "sha512-j4dx+Fb0URmzbwwMUrhqWM2BEWHdFGx+qZ9qqASHRPqvTYdqvWnHg0H1hIbcyLnvgnoNAVMlwkepyqM3DaIFUg=="
  "resolved" "https://registry.npmjs.org/compute-scroll-into-view/-/compute-scroll-into-view-1.0.17.tgz"
  "version" "1.0.17"

"content-disposition@0.5.4":
  "integrity" "sha512-FveZTNuGw04cxlAiWbzi6zTAL/lhehaWbTtgluJh4/E95DqMwTmha3KZN1aAWA8cFIhHzMZUvLevkw5Rqk+tSQ=="
  "resolved" "https://registry.npmjs.org/content-disposition/-/content-disposition-0.5.4.tgz"
  "version" "0.5.4"
  dependencies:
    "safe-buffer" "5.2.1"

"content-type@~1.0.4":
  "integrity" "sha512-hIP3EEPs8tB9AT1L+NUqtwOAps4mk2Zob89MWXMHjHWg9milF/j4osnnQLXBCBFBk/tvIG/tUc9mOUJiPBhPXA=="
  "resolved" "https://registry.npmjs.org/content-type/-/content-type-1.0.4.tgz"
  "version" "1.0.4"

"cookie-signature@1.0.6":
  "integrity" "sha1-4wOogrNCzD7oylE6eZmXNNqzriw="
  "resolved" "https://registry.npmjs.org/cookie-signature/-/cookie-signature-1.0.6.tgz"
  "version" "1.0.6"

"cookie@0.4.2":
  "integrity" "sha512-aSWTXFzaKWkvHO1Ny/s+ePFpvKsPnjc551iI41v3ny/ow6tBG5Vd+FuqGNhh1LxOmVzOlGUriIlOaokOvhaStA=="
  "resolved" "https://registry.npmjs.org/cookie/-/cookie-0.4.2.tgz"
  "version" "0.4.2"

"copy-to-clipboard@^3.2.0":
  "integrity" "sha512-i13qo6kIHTTpCm8/Wup+0b1mVWETvu2kIMzKoK8FpkLkFxlt0znUAHcMzox+T8sPlqtZXq3CulEjQHsYiGFJUw=="
  "resolved" "https://registry.npmjs.org/copy-to-clipboard/-/copy-to-clipboard-3.3.1.tgz"
  "version" "3.3.1"
  dependencies:
    "toggle-selection" "^1.0.6"

"date-fns@2.x":
  "integrity" "sha512-8d35hViGYx/QH0icHYCeLmsLmMUheMmTyV9Fcm6gvNwdw31yXXH+O85sOBJ+OLnLQMKZowvpKb6FgMIQjcpvQw=="
  "resolved" "https://registry.npmjs.org/date-fns/-/date-fns-2.28.0.tgz"
  "version" "2.28.0"

"dayjs@1.x":
  "integrity" "sha512-wbNwDfBHHur9UOzNUjeKUOJ0fCb0a52Wx0xInmQ7Y8FstyajiV1NmK1e00cxsr9YrE9r7yAChE0VvpuY5Rnlow=="
  "resolved" "https://registry.npmjs.org/dayjs/-/dayjs-1.10.8.tgz"
  "version" "1.10.8"

"debug@2.6.9":
  "integrity" "sha512-bC7ElrdJaJnPbAP+1EotYvqZsb3ecl5wi6Bfi6BJTUcNowp6cvspg0jXznRTKDjm/E7AdgFBVeAPVMNcKGsHMA=="
  "resolved" "https://registry.npmjs.org/debug/-/debug-2.6.9.tgz"
  "version" "2.6.9"
  dependencies:
    "ms" "2.0.0"

"depd@~1.1.2":
  "integrity" "sha1-m81S4UwJd2PnSbJ0xDRu0uVgtak="
  "resolved" "https://registry.npmjs.org/depd/-/depd-1.1.2.tgz"
  "version" "1.1.2"

"destroy@~1.0.4":
  "integrity" "sha1-l4hXRCxEdJ5CBmE+N5RiBYJqvYA="
  "resolved" "https://registry.npmjs.org/destroy/-/destroy-1.0.4.tgz"
  "version" "1.0.4"

"dom-align@^1.7.0":
  "integrity" "sha512-pHuazgqrsTFrGU2WLDdXxCFabkdQDx72ddkraZNih1KsMcN5qsRSTR9O4VJRlwTPCPb5COYg3LOfiMHHcPInHg=="
  "resolved" "https://registry.npmjs.org/dom-align/-/dom-align-1.12.2.tgz"
  "version" "1.12.2"

"ee-first@1.1.1":
  "integrity" "sha1-WQxhFWsK4vTwJVcyoViyZrxWsh0="
  "resolved" "https://registry.npmjs.org/ee-first/-/ee-first-1.1.1.tgz"
  "version" "1.1.1"

"encodeurl@~1.0.2":
  "integrity" "sha1-rT/0yG7C0CkyL1oCw6mmBslbP1k="
  "resolved" "https://registry.npmjs.org/encodeurl/-/encodeurl-1.0.2.tgz"
  "version" "1.0.2"

"escape-html@~1.0.3":
  "integrity" "sha1-Aljq5NPQwJdN4cFpGI7wBR0dGYg="
  "resolved" "https://registry.npmjs.org/escape-html/-/escape-html-1.0.3.tgz"
  "version" "1.0.3"

"etag@~1.8.1":
  "integrity" "sha1-Qa4u62XvpiJorr/qg6x9eSmbCIc="
  "resolved" "https://registry.npmjs.org/etag/-/etag-1.8.1.tgz"
  "version" "1.8.1"

"eventemitter3@^4.0.0":
  "integrity" "sha512-8guHBZCwKnFhYdHr2ysuRWErTwhoN2X8XELRlrRwpmfeY2jjuUN4taQMsULKUVo1K4DvZl+0pgfyoysHxvmvEw=="
  "resolved" "https://registry.npmjs.org/eventemitter3/-/eventemitter3-4.0.7.tgz"
  "version" "4.0.7"

"express@^4.17.3":
  "integrity" "sha512-yuSQpz5I+Ch7gFrPCk4/c+dIBKlQUxtgwqzph132bsT6qhuzss6I8cLJQz7B3rFblzd6wtcI0ZbGltH/C4LjUg=="
  "resolved" "https://registry.npmjs.org/express/-/express-4.17.3.tgz"
  "version" "4.17.3"
  dependencies:
    "accepts" "~1.3.8"
    "array-flatten" "1.1.1"
    "body-parser" "1.19.2"
    "content-disposition" "0.5.4"
    "content-type" "~1.0.4"
    "cookie" "0.4.2"
    "cookie-signature" "1.0.6"
    "debug" "2.6.9"
    "depd" "~1.1.2"
    "encodeurl" "~1.0.2"
    "escape-html" "~1.0.3"
    "etag" "~1.8.1"
    "finalhandler" "~1.1.2"
    "fresh" "0.5.2"
    "merge-descriptors" "1.0.1"
    "methods" "~1.1.2"
    "on-finished" "~2.3.0"
    "parseurl" "~1.3.3"
    "path-to-regexp" "0.1.7"
    "proxy-addr" "~2.0.7"
    "qs" "6.9.7"
    "range-parser" "~1.2.1"
    "safe-buffer" "5.2.1"
    "send" "0.17.2"
    "serve-static" "1.14.2"
    "setprototypeof" "1.2.0"
    "statuses" "~1.5.0"
    "type-is" "~1.6.18"
    "utils-merge" "1.0.1"
    "vary" "~1.1.2"

"fill-range@^7.0.1":
  "integrity" "sha512-qOo9F+dMUmC2Lcb4BbVvnKJxTPjCm+RRpe4gDuGrzkL7mEVl/djYSu2OdQ2Pa302N4oqkSg9ir6jaLWJ2USVpQ=="
  "resolved" "https://registry.npmjs.org/fill-range/-/fill-range-7.0.1.tgz"
  "version" "7.0.1"
  dependencies:
    "to-regex-range" "^5.0.1"

"finalhandler@~1.1.2":
  "integrity" "sha512-aAWcW57uxVNrQZqFXjITpW3sIUQmHGG3qSb9mUah9MgMC4NeWhNOlNjXEYq3HjRAvL6arUviZGGJsBg6z0zsWA=="
  "resolved" "https://registry.npmjs.org/finalhandler/-/finalhandler-1.1.2.tgz"
  "version" "1.1.2"
  dependencies:
    "debug" "2.6.9"
    "encodeurl" "~1.0.2"
    "escape-html" "~1.0.3"
    "on-finished" "~2.3.0"
    "parseurl" "~1.3.3"
    "statuses" "~1.5.0"
    "unpipe" "~1.0.0"

"follow-redirects@^1.0.0", "follow-redirects@^1.14.8":
  "integrity" "sha512-MQDfihBQYMcyy5dhRDJUHcw7lb2Pv/TuE6xP1vyraLukNDHKbDxDNaOE3NbCAdKQApno+GPRyo1YAp89yCjK4w=="
  "resolved" "https://registry.npmjs.org/follow-redirects/-/follow-redirects-1.14.9.tgz"
  "version" "1.14.9"

"forwarded@0.2.0":
  "integrity" "sha512-buRG0fpBtRHSTCOASe6hD258tEubFoRLb4ZNA6NxMVHNw2gOcwHo9wyablzMzOA5z9xA9L1KNjk/Nt6MT9aYow=="
  "resolved" "https://registry.npmjs.org/forwarded/-/forwarded-0.2.0.tgz"
  "version" "0.2.0"

"fresh@0.5.2":
  "integrity" "sha1-PYyt2Q2XZWn6g1qx+OSyOhBWBac="
  "resolved" "https://registry.npmjs.org/fresh/-/fresh-0.5.2.tgz"
  "version" "0.5.2"

"http-errors@1.8.1":
  "integrity" "sha512-Kpk9Sm7NmI+RHhnj6OIWDI1d6fIoFAtFt9RLaTMRlg/8w49juAStsrBgp0Dp4OdxdVbRIeKhtCUvoi/RuAhO4g=="
  "resolved" "https://registry.npmjs.org/http-errors/-/http-errors-1.8.1.tgz"
  "version" "1.8.1"
  dependencies:
    "depd" "~1.1.2"
    "inherits" "2.0.4"
    "setprototypeof" "1.2.0"
    "statuses" ">= 1.5.0 < 2"
    "toidentifier" "1.0.1"

"http-proxy-middleware@^2.0.3":
  "integrity" "sha512-1bloEwnrHMnCoO/Gcwbz7eSVvW50KPES01PecpagI+YLNLci4AcuKJrujW4Mc3sBLpFxMSlsLNHS5Nl/lvrTPA=="
  "resolved" "https://registry.npmjs.org/http-proxy-middleware/-/http-proxy-middleware-2.0.3.tgz"
  "version" "2.0.3"
  dependencies:
    "@types/http-proxy" "^1.17.8"
    "http-proxy" "^1.18.1"
    "is-glob" "^4.0.1"
    "is-plain-obj" "^3.0.0"
    "micromatch" "^4.0.2"

"http-proxy@^1.18.1":
  "integrity" "sha512-7mz/721AbnJwIVbnaSv1Cz3Am0ZLT/UBwkC92VlxhXv/k/BBQfM2fXElQNC27BVGr0uwUpplYPQM9LnaBMR5NQ=="
  "resolved" "https://registry.npmjs.org/http-proxy/-/http-proxy-1.18.1.tgz"
  "version" "1.18.1"
  dependencies:
    "eventemitter3" "^4.0.0"
    "follow-redirects" "^1.0.0"
    "requires-port" "^1.0.0"

"iconv-lite@0.4.24":
  "integrity" "sha512-v3MXnZAcvnywkTUEZomIActle7RXXeedOR31wwl7VlyoXO4Qi9arvSenNQWne1TcRwhCL1HwLI21bEqdpj8/rA=="
  "resolved" "https://registry.npmjs.org/iconv-lite/-/iconv-lite-0.4.24.tgz"
  "version" "0.4.24"
  dependencies:
    "safer-buffer" ">= 2.1.2 < 3"

"inherits@2.0.4":
  "integrity" "sha512-k/vGaX4/Yla3WzyMCvTQOXYeIHvqOKtnqBduzTHpzpQZzAskKMhZ2K+EnBiSM9zGSoIFeMpXKxa4dYeZIQqewQ=="
  "resolved" "https://registry.npmjs.org/inherits/-/inherits-2.0.4.tgz"
  "version" "2.0.4"

"ipaddr.js@1.9.1":
  "integrity" "sha512-0KI/607xoxSToH7GjN1FfSbLoU0+btTicjsQSWQlh/hZykN8KpmMf7uYwPW3R+akZ6R/w18ZlXSHBYXiYUPO3g=="
  "resolved" "https://registry.npmjs.org/ipaddr.js/-/ipaddr.js-1.9.1.tgz"
  "version" "1.9.1"

"is-extglob@^2.1.1":
  "integrity" "sha1-qIwCU1eR8C7TfHahueqXc8gz+MI="
  "resolved" "https://registry.npmjs.org/is-extglob/-/is-extglob-2.1.1.tgz"
  "version" "2.1.1"

"is-glob@^4.0.1":
  "integrity" "sha512-xelSayHH36ZgE7ZWhli7pW34hNbNl8Ojv5KVmkJD4hBdD3th8Tfk9vYasLM+mXWOZhFkgZfxhLSnrwRr4elSSg=="
  "resolved" "https://registry.npmjs.org/is-glob/-/is-glob-4.0.3.tgz"
  "version" "4.0.3"
  dependencies:
    "is-extglob" "^2.1.1"

"is-number@^7.0.0":
  "integrity" "sha512-41Cifkg6e8TylSpdtTpeLVMqvSBEVzTttHvERD741+pnZ8ANv0004MRL43QKPDlK9cGvNp6NZWZUBlbGXYxxng=="
  "resolved" "https://registry.npmjs.org/is-number/-/is-number-7.0.0.tgz"
  "version" "7.0.0"

"is-plain-obj@^3.0.0":
  "integrity" "sha512-gwsOE28k+23GP1B6vFl1oVh/WOzmawBrKwo5Ev6wMKzPkaXaCDIQKzLnvsA42DRlbVTWorkgTKIviAKCWkfUwA=="
  "resolved" "https://registry.npmjs.org/is-plain-obj/-/is-plain-obj-3.0.0.tgz"
  "version" "3.0.0"

"js-tokens@^3.0.0 || ^4.0.0":
  "integrity" "sha512-RdJUflcE3cUzKiMqQgsCu06FPu9UdIJO0beYbPhHN4k6apgJtifcoCtT9bcxOpYBtpD2kCM6Sbzg4CausW/PKQ=="
  "resolved" "https://registry.npmjs.org/js-tokens/-/js-tokens-4.0.0.tgz"
  "version" "4.0.0"

"json2mq@^0.2.0":
  "integrity" "sha1-tje9O6nqvhIsg+lyBIOusQ0skEo="
  "resolved" "https://registry.npmjs.org/json2mq/-/json2mq-0.2.0.tgz"
  "version" "0.2.0"
  dependencies:
    "string-convert" "^0.2.0"

"lodash@^4.17.21":
  "integrity" "sha512-v2kDEe57lecTulaDIuNTPy3Ry4gLGJ6Z1O3vE1krgXZNrsQ+LFTGHVxVjcXPs17LhbZVGedAJv8XZ1tvj5FvSg=="
  "resolved" "https://registry.npmjs.org/lodash/-/lodash-4.17.21.tgz"
  "version" "4.17.21"

"loose-envify@^1.1.0":
  "integrity" "sha512-lyuxPGr/Wfhrlem2CL/UcnUc1zcqKAImBDzukY7Y5F/yQiNdko6+fRLevlw1HgMySw7f611UIY408EtxRSoK3Q=="
  "resolved" "https://registry.npmjs.org/loose-envify/-/loose-envify-1.4.0.tgz"
  "version" "1.4.0"
  dependencies:
    "js-tokens" "^3.0.0 || ^4.0.0"

"media-typer@0.3.0":
  "integrity" "sha1-hxDXrwqmJvj/+hzgAWhUUmMlV0g="
  "resolved" "https://registry.npmjs.org/media-typer/-/media-typer-0.3.0.tgz"
  "version" "0.3.0"

"memoize-one@^6.0.0":
  "integrity" "sha512-rkpe71W0N0c0Xz6QD0eJETuWAJGnJ9afsl1srmwPrI+yBCkge5EycXXbYRyvL29zZVUWQCY7InPRCv3GDXuZNw=="
  "resolved" "https://registry.npmjs.org/memoize-one/-/memoize-one-6.0.0.tgz"
  "version" "6.0.0"

"merge-descriptors@1.0.1":
  "integrity" "sha1-sAqqVW3YtEVoFQ7J0blT8/kMu2E="
  "resolved" "https://registry.npmjs.org/merge-descriptors/-/merge-descriptors-1.0.1.tgz"
  "version" "1.0.1"

"methods@~1.1.2":
  "integrity" "sha1-VSmk1nZUE07cxSZmVoNbD4Ua/O4="
  "resolved" "https://registry.npmjs.org/methods/-/methods-1.1.2.tgz"
  "version" "1.1.2"

"micromatch@^4.0.2":
  "integrity" "sha512-pRmzw/XUcwXGpD9aI9q/0XOwLNygjETJ8y0ao0wdqprrzDa4YnxLcz7fQRZr8voh8V10kGhABbNcHVk5wHgWwg=="
  "resolved" "https://registry.npmjs.org/micromatch/-/micromatch-4.0.4.tgz"
  "version" "4.0.4"
  dependencies:
    "braces" "^3.0.1"
    "picomatch" "^2.2.3"

"mime-db@1.51.0":
  "integrity" "sha512-5y8A56jg7XVQx2mbv1lu49NR4dokRnhZYTtL+KGfaa27uq4pSTXkwQkFJl4pkRMyNFz/EtYDSkiiEHx3F7UN6g=="
  "resolved" "https://registry.npmjs.org/mime-db/-/mime-db-1.51.0.tgz"
  "version" "1.51.0"

"mime-types@~2.1.24", "mime-types@~2.1.34":
  "integrity" "sha512-6cP692WwGIs9XXdOO4++N+7qjqv0rqxxVvJ3VHPh/Sc9mVZcQP+ZGhkKiTvWMQRr2tbHkJP/Yn7Y0npb3ZBs4A=="
  "resolved" "https://registry.npmjs.org/mime-types/-/mime-types-2.1.34.tgz"
  "version" "2.1.34"
  dependencies:
    "mime-db" "1.51.0"

"mime@1.6.0":
  "integrity" "sha512-x0Vn8spI+wuJ1O6S7gnbaQg8Pxh4NNHb7KSINmEWKiPE4RKOplvijn+NkmYmmRgP68mc70j2EbeTFRsrswaQeg=="
  "resolved" "https://registry.npmjs.org/mime/-/mime-1.6.0.tgz"
  "version" "1.6.0"

"moment@^2.24.0", "moment@^2.25.3":
  "integrity" "sha512-kHmoybcPV8Sqy59DwNDY3Jefr64lK/by/da0ViFcuA4DH0vQg5Q6Ze5VimxkfQNSC+Mls/Kx53s7TjP1RhFEDQ=="
  "resolved" "https://registry.npmjs.org/moment/-/moment-2.29.1.tgz"
  "version" "2.29.1"

"ms@2.0.0":
  "integrity" "sha1-VgiurfwAvmwpAd9fmGF4jeDVl8g="
  "resolved" "https://registry.npmjs.org/ms/-/ms-2.0.0.tgz"
  "version" "2.0.0"

"ms@2.1.3":
  "integrity" "sha512-6FlzubTLZG3J2a/NVCAleEhjzq5oxgHyaCU9yYXvcLsvoVaHJq/s5xXI6/XXP6tz7R9xAOtHnSO/tXtF3WRTlA=="
  "resolved" "https://registry.npmjs.org/ms/-/ms-2.1.3.tgz"
  "version" "2.1.3"

"nanoid@^3.1.30":
  "integrity" "sha512-n6Vs/3KGyxPQd6uO0eH4Bv0ojGSUvuLlIHtC3Y0kEO23YRge8H9x1GCzLn28YX0H66pMkxuaeESFq4tKISKwdw=="
  "resolved" "https://registry.npmjs.org/nanoid/-/nanoid-3.3.1.tgz"
  "version" "3.3.1"

"negotiator@0.6.3":
  "integrity" "sha512-+EUsqGPLsM+j/zdChZjsnX51g4XrHFOIXwfnCVPGlQk/k5giakcKsuxCObBRu6DSm9opw/O6slWbJdghQM4bBg=="
  "resolved" "https://registry.npmjs.org/negotiator/-/negotiator-0.6.3.tgz"
  "version" "0.6.3"

"next-link@^2.0.0":
  "integrity" "sha512-aXT3ge5A97E+8jkjiWXf5uqw4NfT43vWV8YxoO91z8wURg16dlHOc8CmjHYMftaJDj9jQuJSTbg4TyaeiSBijQ=="
  "resolved" "https://registry.npmjs.org/next-link/-/next-link-2.0.0.tgz"
  "version" "2.0.0"
  dependencies:
    "on-headers" "^1.0.1"

"next@^12.1.0":
  "integrity" "sha512-s885kWvnIlxsUFHq9UGyIyLiuD0G3BUC/xrH0CEnH5lHEWkwQcHOORgbDF0hbrW9vr/7am4ETfX4A7M6DjrE7Q=="
  "resolved" "https://registry.npmjs.org/next/-/next-12.1.0.tgz"
  "version" "12.1.0"
  dependencies:
    "@next/env" "12.1.0"
    "caniuse-lite" "^1.0.30001283"
    "postcss" "8.4.5"
    "styled-jsx" "5.0.0"
    "use-subscription" "1.5.1"
  optionalDependencies:
    "@next/swc-android-arm64" "12.1.0"
    "@next/swc-darwin-arm64" "12.1.0"
    "@next/swc-darwin-x64" "12.1.0"
    "@next/swc-linux-arm-gnueabihf" "12.1.0"
    "@next/swc-linux-arm64-gnu" "12.1.0"
    "@next/swc-linux-arm64-musl" "12.1.0"
    "@next/swc-linux-x64-gnu" "12.1.0"
    "@next/swc-linux-x64-musl" "12.1.0"
    "@next/swc-win32-arm64-msvc" "12.1.0"
    "@next/swc-win32-ia32-msvc" "12.1.0"
    "@next/swc-win32-x64-msvc" "12.1.0"

"object-assign@^4.1.1":
  "integrity" "sha1-IQmtx5ZYh8/AXLvUQsrIv7s2CGM="
  "resolved" "https://registry.npmjs.org/object-assign/-/object-assign-4.1.1.tgz"
  "version" "4.1.1"

"on-finished@~2.3.0":
  "integrity" "sha1-IPEzZIGwg811M3mSoWlxqi2QaUc="
  "resolved" "https://registry.npmjs.org/on-finished/-/on-finished-2.3.0.tgz"
  "version" "2.3.0"
  dependencies:
    "ee-first" "1.1.1"

"on-headers@^1.0.1":
  "integrity" "sha512-pZAE+FJLoyITytdqK0U5s+FIpjN0JP3OzFi/u8Rx+EV5/W+JTWGXG8xFzevE7AjBfDqHv/8vL8qQsIhHnqRkrA=="
  "resolved" "https://registry.npmjs.org/on-headers/-/on-headers-1.0.2.tgz"
  "version" "1.0.2"

"parseurl@~1.3.3":
  "integrity" "sha512-CiyeOxFT/JZyN5m0z9PfXw4SCBJ6Sygz1Dpl0wqjlhDEGGBP1GnsUVEL0p63hoG1fcj3fHynXi9NYO4nWOL+qQ=="
  "resolved" "https://registry.npmjs.org/parseurl/-/parseurl-1.3.3.tgz"
  "version" "1.3.3"

"path-to-regexp@0.1.7":
  "integrity" "sha1-32BBeABfUi8V60SQ5yR6G/qmf4w="
  "resolved" "https://registry.npmjs.org/path-to-regexp/-/path-to-regexp-0.1.7.tgz"
  "version" "0.1.7"

"picocolors@^1.0.0":
  "integrity" "sha512-1fygroTLlHu66zi26VoTDv8yRgm0Fccecssto+MhsZ0D/DGW2sm8E8AjW7NU5VVTRt5GxbeZ5qBuJr+HyLYkjQ=="
  "resolved" "https://registry.npmjs.org/picocolors/-/picocolors-1.0.0.tgz"
  "version" "1.0.0"

"picomatch@^2.2.3":
  "integrity" "sha512-JU3teHTNjmE2VCGFzuY8EXzCDVwEqB2a8fsIvwaStHhAWJEeVd1o1QD80CU6+ZdEXXSLbSsuLwJjkCBWqRQUVA=="
  "resolved" "https://registry.npmjs.org/picomatch/-/picomatch-2.3.1.tgz"
  "version" "2.3.1"

"postcss@8.4.5":
  "integrity" "sha512-jBDboWM8qpaqwkMwItqTQTiFikhs/67OYVvblFFTM7MrZjt6yMKd6r2kgXizEbTTljacm4NldIlZnhbjr84QYg=="
  "resolved" "https://registry.npmjs.org/postcss/-/postcss-8.4.5.tgz"
  "version" "8.4.5"
  dependencies:
    "nanoid" "^3.1.30"
    "picocolors" "^1.0.0"
    "source-map-js" "^1.0.1"

"proxy-addr@~2.0.7":
  "integrity" "sha512-llQsMLSUDUPT44jdrU/O37qlnifitDP+ZwrmmZcoSKyLKvtZxpyV0n2/bD/N4tBAAZ/gJEdZU7KMraoK1+XYAg=="
  "resolved" "https://registry.npmjs.org/proxy-addr/-/proxy-addr-2.0.7.tgz"
  "version" "2.0.7"
  dependencies:
    "forwarded" "0.2.0"
    "ipaddr.js" "1.9.1"

"qs@6.9.7":
  "integrity" "sha512-IhMFgUmuNpyRfxA90umL7ByLlgRXu6tIfKPpF5TmcfRLlLCckfP/g3IQmju6jjpu+Hh8rA+2p6A27ZSPOOHdKw=="
  "resolved" "https://registry.npmjs.org/qs/-/qs-6.9.7.tgz"
  "version" "6.9.7"

"range-parser@~1.2.1":
  "integrity" "sha512-Hrgsx+orqoygnmhFbKaHE6c296J+HTAQXoxEF6gNupROmmGJRoyzfG3ccAveqCBrwr/2yxQ5BVd/GTl5agOwSg=="
  "resolved" "https://registry.npmjs.org/range-parser/-/range-parser-1.2.1.tgz"
  "version" "1.2.1"

"raw-body@2.4.3":
  "integrity" "sha512-UlTNLIcu0uzb4D2f4WltY6cVjLi+/jEN4lgEUj3E04tpMDpUlkBo/eSn6zou9hum2VMNpCCUone0O0WeJim07g=="
  "resolved" "https://registry.npmjs.org/raw-body/-/raw-body-2.4.3.tgz"
  "version" "2.4.3"
  dependencies:
    "bytes" "3.1.2"
    "http-errors" "1.8.1"
    "iconv-lite" "0.4.24"
    "unpipe" "1.0.0"

"rc-align@^4.0.0":
  "integrity" "sha512-n9mQfIYQbbNTbefyQnRHZPWuTEwG1rY4a9yKlIWHSTbgwI+XUMGRYd0uJ5pE2UbrNX0WvnMBA1zJ3Lrecpra/A=="
  "resolved" "https://registry.npmjs.org/rc-align/-/rc-align-4.0.11.tgz"
  "version" "4.0.11"
  dependencies:
    "@babel/runtime" "^7.10.1"
    "classnames" "2.x"
    "dom-align" "^1.7.0"
    "lodash" "^4.17.21"
    "rc-util" "^5.3.0"
    "resize-observer-polyfill" "^1.5.1"

"rc-cascader@~3.2.1":
  "integrity" "sha512-Mvkegzf506PD7qc38kg2tGllIBXs5dio3DPg+NER7SiOfCXBCATWYEs0CbUp8JDQgYHoHF0vPvFMYtxFTJuWaw=="
  "resolved" "https://registry.npmjs.org/rc-cascader/-/rc-cascader-3.2.9.tgz"
  "version" "3.2.9"
  dependencies:
    "@babel/runtime" "^7.12.5"
    "array-tree-filter" "^2.1.0"
    "classnames" "^2.3.1"
    "rc-select" "~14.0.0-alpha.23"
    "rc-tree" "~5.4.3"
    "rc-util" "^5.6.1"

"rc-checkbox@~2.3.0":
  "integrity" "sha512-afVi1FYiGv1U0JlpNH/UaEXdh6WUJjcWokj/nUN2TgG80bfG+MDdbfHKlLcNNba94mbjy2/SXJ1HDgrOkXGAjg=="
  "resolved" "https://registry.npmjs.org/rc-checkbox/-/rc-checkbox-2.3.2.tgz"
  "version" "2.3.2"
  dependencies:
    "@babel/runtime" "^7.10.1"
    "classnames" "^2.2.1"

"rc-collapse@~3.1.0":
  "integrity" "sha512-HujcKq7mghk/gVKeI6EjzTbb8e19XUZpakrYazu1MblEZ3Hu3WBMSN4A3QmvbF6n1g7x6lUlZvsHZ5shABWYOQ=="
  "resolved" "https://registry.npmjs.org/rc-collapse/-/rc-collapse-3.1.2.tgz"
  "version" "3.1.2"
  dependencies:
    "@babel/runtime" "^7.10.1"
    "classnames" "2.x"
    "rc-motion" "^2.3.4"
    "rc-util" "^5.2.1"
    "shallowequal" "^1.1.0"

"rc-dialog@~8.6.0":
  "integrity" "sha512-GSbkfqjqxpZC5/zc+8H332+q5l/DKUhpQr0vdX2uDsxo5K0PhvaMEVjyoJUTkZ3+JstEADQji1PVLVb/2bJeOQ=="
  "resolved" "https://registry.npmjs.org/rc-dialog/-/rc-dialog-8.6.0.tgz"
  "version" "8.6.0"
  dependencies:
    "@babel/runtime" "^7.10.1"
    "classnames" "^2.2.6"
    "rc-motion" "^2.3.0"
    "rc-util" "^5.6.1"

"rc-drawer@~4.4.2":
  "integrity" "sha512-FYztwRs3uXnFOIf1hLvFxIQP9MiZJA+0w+Os8dfDh/90X7z/HqP/Yg+noLCIeHEbKln1Tqelv8ymCAN24zPcfQ=="
  "resolved" "https://registry.npmjs.org/rc-drawer/-/rc-drawer-4.4.3.tgz"
  "version" "4.4.3"
  dependencies:
    "@babel/runtime" "^7.10.1"
    "classnames" "^2.2.6"
    "rc-util" "^5.7.0"

"rc-dropdown@^3.2.0", "rc-dropdown@~3.3.2":
  "integrity" "sha512-49GOz42oNvLtYGoJ2X5UWXJFp7aUiSZkj9OcgTV1UpxFZqHQMw+xijkaL5k3XDkMbb92XsuFnFt7IGG3/C0DKw=="
  "resolved" "https://registry.npmjs.org/rc-dropdown/-/rc-dropdown-3.3.2.tgz"
  "version" "3.3.2"
  dependencies:
    "@babel/runtime" "^7.10.1"
    "classnames" "^2.2.6"
    "rc-trigger" "^5.0.4"

"rc-field-form@~1.23.0":
  "integrity" "sha512-Mun+eaFmX1Pjud9bz0fD0IvxwDfFKWk2Q8tkt4sg4aKR9/FML/rzYC5MjY77p86X45XBurBDUR3gAda+Cg/ULw=="
  "resolved" "https://registry.npmjs.org/rc-field-form/-/rc-field-form-1.23.1.tgz"
  "version" "1.23.1"
  dependencies:
    "@babel/runtime" "^7.8.4"
    "async-validator" "^4.0.2"
    "rc-util" "^5.8.0"

"rc-image@~5.2.5":
  "integrity" "sha512-qUfZjYIODxO0c8a8P5GeuclYXZjzW4hV/5hyo27XqSFo1DmTCs2HkVeQObkcIk5kNsJtgsj1KoPThVsSc/PXOw=="
  "resolved" "https://registry.npmjs.org/rc-image/-/rc-image-5.2.5.tgz"
  "version" "5.2.5"
  dependencies:
    "@babel/runtime" "^7.11.2"
    "classnames" "^2.2.6"
    "rc-dialog" "~8.6.0"
    "rc-util" "^5.0.6"

"rc-input-number@~7.3.0":
  "integrity" "sha512-W9uqSzuvJUnz8H8vsVY4kx+yK51SsAxNTwr8SNH4G3XqQNocLVmKIibKFRjocnYX1RDHMND9FFbgj2h7E7nvGA=="
  "resolved" "https://registry.npmjs.org/rc-input-number/-/rc-input-number-7.3.4.tgz"
  "version" "7.3.4"
  dependencies:
    "@babel/runtime" "^7.10.1"
    "classnames" "^2.2.5"
    "rc-util" "^5.9.8"

"rc-input@^0.0.1-alpha.5":
  "integrity" "sha512-RHvNweOVWFbbx2l/y6hgnSAdOg5fXc1D1VGhX2RNkGGyGr6cemnvyiYMxwZJjcXs0al3YK9jMObm20+DgH/mpw=="
  "resolved" "https://registry.npmjs.org/rc-input/-/rc-input-0.0.1-alpha.5.tgz"
  "version" "0.0.1-alpha.5"
  dependencies:
    "@babel/runtime" "^7.11.1"
    "classnames" "^2.2.1"
    "rc-util" "^5.18.1"

"rc-mentions@~1.6.1":
  "integrity" "sha512-cntfJkNMq8B910rXuvnsnOV88DfmoUidnQnSIeXzWiYiUX4RL5oWUfSZzs+HAXYRU4SL1l8Mwjx95wHETiZ/fQ=="
  "resolved" "https://registry.npmjs.org/rc-mentions/-/rc-mentions-1.6.2.tgz"
  "version" "1.6.2"
  dependencies:
    "@babel/runtime" "^7.10.1"
    "classnames" "^2.2.6"
    "rc-menu" "^9.0.0"
    "rc-textarea" "^0.3.0"
    "rc-trigger" "^5.0.4"
    "rc-util" "^5.0.1"

"rc-menu@^9.0.0", "rc-menu@~9.2.1":
  "integrity" "sha512-UbEtn3rflJ8zS+etYGTVQuzy7Fm+yWXR5c0Rl6ecNTS/dPknRyWAyhJcbeR0Hu1+RdQT+0VCqrUPrgKnm4iY+w=="
  "resolved" "https://registry.npmjs.org/rc-menu/-/rc-menu-9.2.1.tgz"
  "version" "9.2.1"
  dependencies:
    "@babel/runtime" "^7.10.1"
    "classnames" "2.x"
    "rc-motion" "^2.4.3"
    "rc-overflow" "^1.2.0"
    "rc-trigger" "^5.1.2"
    "rc-util" "^5.12.0"
    "shallowequal" "^1.1.0"

"rc-motion@^2.0.0", "rc-motion@^2.0.1", "rc-motion@^2.2.0", "rc-motion@^2.3.0", "rc-motion@^2.3.4", "rc-motion@^2.4.3", "rc-motion@^2.4.4":
  "integrity" "sha512-f3uJHR4gcpeZS/s8/nYFSOrXt2Wu/h9GrEcbJmC0qmKrVNgwL1pTgrT5kW7lgG6PFeoL4yHDmpQoEKkrPtKIzQ=="
  "resolved" "https://registry.npmjs.org/rc-motion/-/rc-motion-2.4.5.tgz"
  "version" "2.4.5"
  dependencies:
    "@babel/runtime" "^7.11.1"
    "classnames" "^2.2.1"
    "rc-util" "^5.18.1"

"rc-notification@~4.5.7":
  "integrity" "sha512-zhTGUjBIItbx96SiRu3KVURcLOydLUHZCPpYEn1zvh+re//Tnq/wSxN4FKgp38n4HOgHSVxcLEeSxBMTeBBDdw=="
  "resolved" "https://registry.npmjs.org/rc-notification/-/rc-notification-4.5.7.tgz"
  "version" "4.5.7"
  dependencies:
    "@babel/runtime" "^7.10.1"
    "classnames" "2.x"
    "rc-motion" "^2.2.0"
    "rc-util" "^5.0.1"

"rc-overflow@^1.0.0", "rc-overflow@^1.2.0":
  "integrity" "sha512-Bz6dXTn/ww8nmu70tUQfRV0wT3BkfXY6j1lB1O38OVkDPz4xwfAcGK+LJ2zewUR5cTXkJ8hAN7YULohG8z4M7Q=="
  "resolved" "https://registry.npmjs.org/rc-overflow/-/rc-overflow-1.2.3.tgz"
  "version" "1.2.3"
  dependencies:
    "@babel/runtime" "^7.11.1"
    "classnames" "^2.2.1"
    "rc-resize-observer" "^1.0.0"
    "rc-util" "^5.15.0"

"rc-pagination@~3.1.9":
  "integrity" "sha512-4L3fot8g4E+PjWEgoVGX0noFCg+8ZFZmeLH4vsnZpB3O2T2zThtakjNxG+YvSaYtyMVT4B+GLayjKrKbXQpdAg=="
  "resolved" "https://registry.npmjs.org/rc-pagination/-/rc-pagination-3.1.15.tgz"
  "version" "3.1.15"
  dependencies:
    "@babel/runtime" "^7.10.1"
    "classnames" "^2.2.1"

"rc-picker@~2.6.4":
  "integrity" "sha512-Mnc1udPyGNSG7/ya5SmYltUjCUcsMH7jfJnuuXVAvEaEdx9qZxDGMWtIii//+ARC06CSHQ83s5iwiGFwM+FcDw=="
  "resolved" "https://registry.npmjs.org/rc-picker/-/rc-picker-2.6.4.tgz"
  "version" "2.6.4"
  dependencies:
    "@babel/runtime" "^7.10.1"
    "classnames" "^2.2.1"
    "date-fns" "2.x"
    "dayjs" "1.x"
    "moment" "^2.24.0"
    "rc-trigger" "^5.0.4"
    "rc-util" "^5.4.0"
    "shallowequal" "^1.1.0"

"rc-progress@~3.2.1":
  "integrity" "sha512-M9WWutRaoVkPUPIrTpRIDpX0SPSrVHzxHdCRCbeoBFrd9UFWTYNWRlHsruJM5FH1AZI+BwB4wOJUNNylg/uFSw=="
  "resolved" "https://registry.npmjs.org/rc-progress/-/rc-progress-3.2.4.tgz"
  "version" "3.2.4"
  dependencies:
    "@babel/runtime" "^7.10.1"
    "classnames" "^2.2.6"
    "rc-util" "^5.16.1"

"rc-rate@~2.9.0":
  "integrity" "sha512-MmIU7FT8W4LYRRHJD1sgG366qKtSaKb67D0/vVvJYR0lrCuRrCiVQ5qhfT5ghVO4wuVIORGpZs7ZKaYu+KMUzA=="
  "resolved" "https://registry.npmjs.org/rc-rate/-/rc-rate-2.9.1.tgz"
  "version" "2.9.1"
  dependencies:
    "@babel/runtime" "^7.10.1"
    "classnames" "^2.2.5"
    "rc-util" "^5.0.1"

"rc-resize-observer@^1.0.0", "rc-resize-observer@^1.1.0", "rc-resize-observer@^1.2.0":
  "integrity" "sha512-6W+UzT3PyDM0wVCEHfoW3qTHPTvbdSgiA43buiy8PzmeMnfgnDeb9NjdimMXMl3/TcrvvWl5RRVdp+NqcR47pQ=="
  "resolved" "https://registry.npmjs.org/rc-resize-observer/-/rc-resize-observer-1.2.0.tgz"
  "version" "1.2.0"
  dependencies:
    "@babel/runtime" "^7.10.1"
    "classnames" "^2.2.1"
    "rc-util" "^5.15.0"
    "resize-observer-polyfill" "^1.5.1"

"rc-select@~14.0.0-alpha.15", "rc-select@~14.0.0-alpha.23", "rc-select@~14.0.0-alpha.8":
  "integrity" "sha512-DkoWMhyxmrfpc1KJSqPORZdkKevzgOINvjR4WI+dibRe6i6DyqGB4Jk21sencnK9di6dumzOCHf93x9t9+gp3Q=="
  "resolved" "https://registry.npmjs.org/rc-select/-/rc-select-14.0.0.tgz"
  "version" "14.0.0"
  dependencies:
    "@babel/runtime" "^7.10.1"
    "classnames" "2.x"
    "rc-motion" "^2.0.1"
    "rc-overflow" "^1.0.0"
    "rc-trigger" "^5.0.4"
    "rc-util" "^5.16.1"
    "rc-virtual-list" "^3.2.0"

"rc-slider@~10.0.0-alpha.4":
  "integrity" "sha512-ih2xwkBgXAWAf7MjZIZyCiiWo6tnoIMuHifn0UeKXVAup7sH53QdSVvT9x/cysuSZIPNMYWEf6mec184n3gbiQ=="
  "resolved" "https://registry.npmjs.org/rc-slider/-/rc-slider-10.0.0-alpha.4.tgz"
  "version" "10.0.0-alpha.4"
  dependencies:
    "@babel/runtime" "^7.10.1"
    "classnames" "^2.2.5"
    "rc-tooltip" "^5.0.1"
    "rc-util" "^5.18.1"
    "shallowequal" "^1.1.0"

"rc-steps@~4.1.0":
  "integrity" "sha512-qoCqKZWSpkh/b03ASGx1WhpKnuZcRWmvuW+ZUu4mvMdfvFzVxblTwUM+9aBd0mlEUFmt6GW8FXhMpHkK3Uzp3w=="
  "resolved" "https://registry.npmjs.org/rc-steps/-/rc-steps-4.1.4.tgz"
  "version" "4.1.4"
  dependencies:
    "@babel/runtime" "^7.10.2"
    "classnames" "^2.2.3"
    "rc-util" "^5.0.1"

"rc-switch@~3.2.0":
  "integrity" "sha512-+gUJClsZZzvAHGy1vZfnwySxj+MjLlGRyXKXScrtCTcmiYNPzxDFOxdQ/3pK1Kt/0POvwJ/6ALOR8gwdXGhs+A=="
  "resolved" "https://registry.npmjs.org/rc-switch/-/rc-switch-3.2.2.tgz"
  "version" "3.2.2"
  dependencies:
    "@babel/runtime" "^7.10.1"
    "classnames" "^2.2.1"
    "rc-util" "^5.0.1"

"rc-table@~7.23.0":
  "integrity" "sha512-Q1gneB2+lUa8EzCCfbrq+jO1qNSwQv1RUUXKB84W/Stdp4EvGOt2+QqGyfotMNM4JUw0fgGLwY+WjnhUhnLuQQ=="
  "resolved" "https://registry.npmjs.org/rc-table/-/rc-table-7.23.0.tgz"
  "version" "7.23.0"
  dependencies:
    "@babel/runtime" "^7.10.1"
    "classnames" "^2.2.5"
    "rc-resize-observer" "^1.1.0"
    "rc-util" "^5.14.0"
    "shallowequal" "^1.1.0"

"rc-tabs@~11.10.0":
  "integrity" "sha512-7IKmcU7QU3CdYnJTabeXs2DDeLiXLyALC8fvOtgyWWFXUD47G5vG+4bFO3f9+AI+rcFAPpfwapZbXxgmiRuWYQ=="
  "resolved" "https://registry.npmjs.org/rc-tabs/-/rc-tabs-11.10.7.tgz"
  "version" "11.10.7"
  dependencies:
    "@babel/runtime" "^7.11.2"
    "classnames" "2.x"
    "rc-dropdown" "^3.2.0"
    "rc-menu" "^9.0.0"
    "rc-resize-observer" "^1.0.0"
    "rc-util" "^5.5.0"

"rc-textarea@^0.3.0", "rc-textarea@~0.3.0":
  "integrity" "sha512-yCdZ6binKmAQB13hc/oehh0E/QRwoPP1pjF21aHBxlgXO3RzPF6dUu4LG2R4FZ1zx/fQd2L1faktulrXOM/2rw=="
  "resolved" "https://registry.npmjs.org/rc-textarea/-/rc-textarea-0.3.7.tgz"
  "version" "0.3.7"
  dependencies:
    "@babel/runtime" "^7.10.1"
    "classnames" "^2.2.1"
    "rc-resize-observer" "^1.0.0"
    "rc-util" "^5.7.0"
    "shallowequal" "^1.1.0"

"rc-tooltip@^5.0.1", "rc-tooltip@~5.1.1":
  "integrity" "sha512-alt8eGMJulio6+4/uDm7nvV+rJq9bsfxFDCI0ljPdbuoygUscbsMYb6EQgwib/uqsXQUvzk+S7A59uYHmEgmDA=="
  "resolved" "https://registry.npmjs.org/rc-tooltip/-/rc-tooltip-5.1.1.tgz"
  "version" "5.1.1"
  dependencies:
    "@babel/runtime" "^7.11.2"
    "rc-trigger" "^5.0.0"

"rc-tree-select@~5.1.1":
  "integrity" "sha512-sA6vTUQghzbjh3u6YAwJIebKkJEHUWDPFHQpfiPObqsEYqi9TKE1LvWqbJ77NbOlOARZq0KIb7LDGF8X0dikDQ=="
  "resolved" "https://registry.npmjs.org/rc-tree-select/-/rc-tree-select-5.1.4.tgz"
  "version" "5.1.4"
  dependencies:
    "@babel/runtime" "^7.10.1"
    "classnames" "2.x"
    "rc-select" "~14.0.0-alpha.8"
    "rc-tree" "~5.4.3"
    "rc-util" "^5.16.1"

"rc-tree@~5.4.3":
  "integrity" "sha512-2qoObRgp31DBXmVzMJmo4qmwP20XEa4hR3imWQtRPcgN3pmljW3WKFmZRrYdOFHz7CyTnRsFZR065bBkIoUpiA=="
  "resolved" "https://registry.npmjs.org/rc-tree/-/rc-tree-5.4.4.tgz"
  "version" "5.4.4"
  dependencies:
    "@babel/runtime" "^7.10.1"
    "classnames" "2.x"
    "rc-motion" "^2.0.1"
    "rc-util" "^5.16.1"
    "rc-virtual-list" "^3.4.2"

"rc-trigger@^5.0.0", "rc-trigger@^5.0.4", "rc-trigger@^5.1.2", "rc-trigger@^5.2.10":
  "integrity" "sha512-FkUf4H9BOFDaIwu42fvRycXMAvkttph9AlbCZXssZDVzz2L+QZ0ERvfB/4nX3ZFPh1Zd+uVGr1DEDeXxq4J1TA=="
  "resolved" "https://registry.npmjs.org/rc-trigger/-/rc-trigger-5.2.10.tgz"
  "version" "5.2.10"
  dependencies:
    "@babel/runtime" "^7.11.2"
    "classnames" "^2.2.6"
    "rc-align" "^4.0.0"
    "rc-motion" "^2.0.0"
    "rc-util" "^5.5.0"

"rc-upload@~4.3.0":
  "integrity" "sha512-YoJ0phCRenMj1nzwalXzciKZ9/FAaCrFu84dS5pphwucTC8GUWClcDID/WWNGsLFcM97NqIboDqrV82rVRhW/w=="
  "resolved" "https://registry.npmjs.org/rc-upload/-/rc-upload-4.3.3.tgz"
  "version" "4.3.3"
  dependencies:
    "@babel/runtime" "^7.10.1"
    "classnames" "^2.2.5"
    "rc-util" "^5.2.0"

"rc-util@^5.0.1", "rc-util@^5.0.6", "rc-util@^5.0.7", "rc-util@^5.12.0", "rc-util@^5.14.0", "rc-util@^5.15.0", "rc-util@^5.16.1", "rc-util@^5.18.1", "rc-util@^5.2.0", "rc-util@^5.2.1", "rc-util@^5.3.0", "rc-util@^5.4.0", "rc-util@^5.5.0", "rc-util@^5.6.1", "rc-util@^5.7.0", "rc-util@^5.8.0", "rc-util@^5.9.4", "rc-util@^5.9.8":
  "integrity" "sha512-24xaSrMZUEKh1+suDOtJWfPe9E6YrwryViZcoPO0miJTKzP4qhUlV5AAlKQ82AJilz/AOHfi3l6HoX8qa1ye8w=="
  "resolved" "https://registry.npmjs.org/rc-util/-/rc-util-5.18.1.tgz"
  "version" "5.18.1"
  dependencies:
    "@babel/runtime" "^7.12.5"
    "react-is" "^16.12.0"
    "shallowequal" "^1.1.0"

"rc-virtual-list@^3.2.0", "rc-virtual-list@^3.4.2":
  "integrity" "sha512-Zb2h0B+ZhA/aysZNEUkQYaqx0hd8hq7WMIUegII+1KfFjh99GtHZ4ZMWB+SlpdVadskKJZzUWWzIq5N1mE6AVg=="
  "resolved" "https://registry.npmjs.org/rc-virtual-list/-/rc-virtual-list-3.4.4.tgz"
  "version" "3.4.4"
  dependencies:
    "classnames" "^2.2.6"
    "rc-resize-observer" "^1.0.0"
    "rc-util" "^5.0.7"

"react-dom@*", "react-dom@^17.0.2", "react-dom@^17.0.2 || ^18.0.0-0", "react-dom@>=16", "react-dom@>=16.0.0", "react-dom@>=16.9.0":
  "integrity" "sha512-s4h96KtLDUQlsENhMn1ar8t2bEa+q/YAtj8pPPdIjPDGBDIVNsrD9aXNWqspUe6AzKCIG0C1HZZLqLV7qpOBGA=="
  "resolved" "https://registry.npmjs.org/react-dom/-/react-dom-17.0.2.tgz"
  "version" "17.0.2"
  dependencies:
    "loose-envify" "^1.1.0"
    "object-assign" "^4.1.1"
    "scheduler" "^0.20.2"

"react-image-file-resizer@^0.4.7":
  "integrity" "sha512-Dak7Ecrd6WEV5LjqoRYFI49ASn7eB1VTlrw6dri9HeIMS6aJang4nli6q5xeckEMY+7QwgqgWqAQD5tgkm4bJg=="
  "resolved" "https://registry.npmjs.org/react-image-file-resizer/-/react-image-file-resizer-0.4.7.tgz"
  "version" "0.4.7"

"react-is@^16.12.0":
  "integrity" "sha512-24e6ynE2H+OKt4kqsOvNd8kBpV65zoxbA4BVsEOB3ARVWQki/DHzaUoC5KuON/BiccDaCCTZBuOcfZs70kR8bQ=="
  "resolved" "https://registry.npmjs.org/react-is/-/react-is-16.13.1.tgz"
  "version" "16.13.1"

"react-stripe-checkout@^2.6.3":
  "integrity" "sha1-MXOocLBOWjwyGgbSTNU8YDARHEU="
  "resolved" "https://registry.npmjs.org/react-stripe-checkout/-/react-stripe-checkout-2.6.3.tgz"
  "version" "2.6.3"

"react-toastify@^8.2.0":
  "integrity" "sha512-Pg2Ju7NngAamarFvLwqrFomJ57u/Ay6i6zfLurt/qPynWkAkOthu6vxfqYpJCyNhHRhR4hu7+bySSeWWJu6PAg=="
  "resolved" "https://registry.npmjs.org/react-toastify/-/react-toastify-8.2.0.tgz"
  "version" "8.2.0"
  dependencies:
    "clsx" "^1.1.1"

"react@*", "react@^16.8.0 || ^17.0.0", "react@^17.0.2", "react@^17.0.2 || ^18.0.0-0", "react@>= 16.8.0 || 17.x.x || 18.x.x", "react@>=16", "react@>=16.0.0", "react@>=16.9.0", "react@17.0.2":
  "integrity" "sha512-gnhPt75i/dq/z3/6q/0asP78D0u592D5L1pd7M8P+dck6Fu/jJeL6iVVK23fptSUZj8Vjf++7wXA8UNclGQcbA=="
  "resolved" "https://registry.npmjs.org/react/-/react-17.0.2.tgz"
  "version" "17.0.2"
  dependencies:
    "loose-envify" "^1.1.0"
    "object-assign" "^4.1.1"

"regenerator-runtime@^0.13.4":
  "integrity" "sha512-p3VT+cOEgxFsRRA9X4lkI1E+k2/CtnKtU4gcxyaCUreilL/vqI6CdZ3wxVUx3UOUg+gnUOQQcRI7BmSI656MYA=="
  "resolved" "https://registry.npmjs.org/regenerator-runtime/-/regenerator-runtime-0.13.9.tgz"
  "version" "0.13.9"

"requires-port@^1.0.0":
  "integrity" "sha1-kl0mAdOaxIXgkc8NpcbmlNw9yv8="
  "resolved" "https://registry.npmjs.org/requires-port/-/requires-port-1.0.0.tgz"
  "version" "1.0.0"

"resize-observer-polyfill@^1.5.0", "resize-observer-polyfill@^1.5.1":
  "integrity" "sha512-LwZrotdHOo12nQuZlHEmtuXdqGoOD0OhaxopaNFxWzInpEgaLWoVuAMbTzixuosCx2nEG58ngzW3vxdWoxIgdg=="
  "resolved" "https://registry.npmjs.org/resize-observer-polyfill/-/resize-observer-polyfill-1.5.1.tgz"
  "version" "1.5.1"

"safe-buffer@5.2.1":
  "integrity" "sha512-rp3So07KcdmmKbGvgaNxQSJr7bGVSVk5S9Eq1F+ppbRo70+YeaDxkw5Dd8NPN+GD6bjnYm2VuPuCXmpuYvmCXQ=="
  "resolved" "https://registry.npmjs.org/safe-buffer/-/safe-buffer-5.2.1.tgz"
  "version" "5.2.1"

"safer-buffer@>= 2.1.2 < 3":
  "integrity" "sha512-YZo3K82SD7Riyi0E1EQPojLz7kpepnSQI9IyPbHHg1XXXevb5dJI7tpyN2ADxGcQbHG7vcyRHk0cbwqcQriUtg=="
  "resolved" "https://registry.npmjs.org/safer-buffer/-/safer-buffer-2.1.2.tgz"
  "version" "2.1.2"

"scheduler@^0.20.2":
  "integrity" "sha512-2eWfGgAqqWFGqtdMmcL5zCMK1U8KlXv8SQFGglL3CEtd0aDVDWgeF/YoCmvln55m5zSk3J/20hTaSBeSObsQDQ=="
  "resolved" "https://registry.npmjs.org/scheduler/-/scheduler-0.20.2.tgz"
  "version" "0.20.2"
  dependencies:
    "loose-envify" "^1.1.0"
    "object-assign" "^4.1.1"

"scroll-into-view-if-needed@^2.2.25":
  "integrity" "sha512-hxpAR6AN+Gh53AdAimHM6C8oTN1ppwVZITihix+WqalywBeFcQ6LdQP5ABNl26nX8GTEL7VT+b8lKpdqq65wXg=="
  "resolved" "https://registry.npmjs.org/scroll-into-view-if-needed/-/scroll-into-view-if-needed-2.2.29.tgz"
  "version" "2.2.29"
  dependencies:
    "compute-scroll-into-view" "^1.0.17"

"send@0.17.2":
  "integrity" "sha512-UJYB6wFSJE3G00nEivR5rgWp8c2xXvJ3OPWPhmuteU0IKj8nKbG3DrjiOmLwpnHGYWAVwA69zmTm++YG0Hmwww=="
  "resolved" "https://registry.npmjs.org/send/-/send-0.17.2.tgz"
  "version" "0.17.2"
  dependencies:
    "debug" "2.6.9"
    "depd" "~1.1.2"
    "destroy" "~1.0.4"
    "encodeurl" "~1.0.2"
    "escape-html" "~1.0.3"
    "etag" "~1.8.1"
    "fresh" "0.5.2"
    "http-errors" "1.8.1"
    "mime" "1.6.0"
    "ms" "2.1.3"
    "on-finished" "~2.3.0"
    "range-parser" "~1.2.1"
    "statuses" "~1.5.0"

"serve-static@1.14.2":
  "integrity" "sha512-+TMNA9AFxUEGuC0z2mevogSnn9MXKb4fa7ngeRMJaaGv8vTwnIEkKi+QGvPt33HSnf8pRS+WGM0EbMtCJLKMBQ=="
  "resolved" "https://registry.npmjs.org/serve-static/-/serve-static-1.14.2.tgz"
  "version" "1.14.2"
  dependencies:
    "encodeurl" "~1.0.2"
    "escape-html" "~1.0.3"
    "parseurl" "~1.3.3"
    "send" "0.17.2"

"setprototypeof@1.2.0":
  "integrity" "sha512-E5LDX7Wrp85Kil5bhZv46j8jOeboKq5JMmYM3gVGdGH8xFpPWXUMsNrlODCrkoxMEeNi/XZIwuRvY4XNwYMJpw=="
  "resolved" "https://registry.npmjs.org/setprototypeof/-/setprototypeof-1.2.0.tgz"
  "version" "1.2.0"

"shallowequal@^1.1.0":
  "integrity" "sha512-y0m1JoUZSlPAjXVtPPW70aZWfIL/dSP7AFkRnniLCrK/8MDKog3TySTBmckD+RObVxH0v4Tox67+F14PdED2oQ=="
  "resolved" "https://registry.npmjs.org/shallowequal/-/shallowequal-1.1.0.tgz"
  "version" "1.1.0"

"source-map-js@^1.0.1":
  "integrity" "sha512-R0XvVJ9WusLiqTCEiGCmICCMplcCkIwwR11mOSD9CR5u+IXYdiseeEuXCVAjS54zqwkLcPNnmU4OeJ6tUrWhDw=="
  "resolved" "https://registry.npmjs.org/source-map-js/-/source-map-js-1.0.2.tgz"
  "version" "1.0.2"

"statuses@>= 1.5.0 < 2", "statuses@~1.5.0":
  "integrity" "sha1-Fhx9rBd2Wf2YEfQ3cfqZOBR4Yow="
  "resolved" "https://registry.npmjs.org/statuses/-/statuses-1.5.0.tgz"
  "version" "1.5.0"

"string-convert@^0.2.0":
  "integrity" "sha1-aYLMMEn7tM2F+LJFaLnZvznu/5c="
  "resolved" "https://registry.npmjs.org/string-convert/-/string-convert-0.2.1.tgz"
  "version" "0.2.1"

"styled-jsx@5.0.0":
  "integrity" "sha512-qUqsWoBquEdERe10EW8vLp3jT25s/ssG1/qX5gZ4wu15OZpmSMFI2v+fWlRhLfykA5rFtlJ1ME8A8pm/peV4WA=="
  "resolved" "https://registry.npmjs.org/styled-jsx/-/styled-jsx-5.0.0.tgz"
  "version" "5.0.0"

"to-regex-range@^5.0.1":
  "integrity" "sha512-65P7iz6X5yEr1cwcgvQxbbIw7Uk3gOy5dIdtZ4rDveLqhrdJP+Li/Hx6tyK0NEb+2GCyneCMJiGqrADCSNk8sQ=="
  "resolved" "https://registry.npmjs.org/to-regex-range/-/to-regex-range-5.0.1.tgz"
  "version" "5.0.1"
  dependencies:
    "is-number" "^7.0.0"

"toggle-selection@^1.0.6":
  "integrity" "sha1-bkWxJj8gF/oKzH2J14sVuL932jI="
  "resolved" "https://registry.npmjs.org/toggle-selection/-/toggle-selection-1.0.6.tgz"
  "version" "1.0.6"

"toidentifier@1.0.1":
  "integrity" "sha512-o5sSPKEkg/DIQNmH43V0/uerLrpzVedkUh8tGNvaeXpfpuwjKenlSox/2O/BTlZUtEe+JG7s5YhEz608PlAHRA=="
  "resolved" "https://registry.npmjs.org/toidentifier/-/toidentifier-1.0.1.tgz"
  "version" "1.0.1"

"type-is@~1.6.18":
  "integrity" "sha512-TkRKr9sUTxEH8MdfuCSP7VizJyzRNMjj2J2do2Jr3Kym598JVdEksuzPQCnlFPW4ky9Q+iA+ma9BGm06XQBy8g=="
  "resolved" "https://registry.npmjs.org/type-is/-/type-is-1.6.18.tgz"
  "version" "1.6.18"
  dependencies:
    "media-typer" "0.3.0"
    "mime-types" "~2.1.24"

"unpipe@~1.0.0", "unpipe@1.0.0":
  "integrity" "sha1-sr9O6FFKrmFltIF4KdIbLvSZBOw="
  "resolved" "https://registry.npmjs.org/unpipe/-/unpipe-1.0.0.tgz"
  "version" "1.0.0"

"use-subscription@1.5.1":
  "integrity" "sha512-Xv2a1P/yReAjAbhylMfFplFKj9GssgTwN7RlcTxBujFQcloStWNDQdc4g4NRWH9xS4i/FDk04vQBptAXoF3VcA=="
  "resolved" "https://registry.npmjs.org/use-subscription/-/use-subscription-1.5.1.tgz"
  "version" "1.5.1"
  dependencies:
    "object-assign" "^4.1.1"

"utils-merge@1.0.1":
  "integrity" "sha1-n5VxD1CiZ5R7LMwSR0HBAoQn5xM="
  "resolved" "https://registry.npmjs.org/utils-merge/-/utils-merge-1.0.1.tgz"
  "version" "1.0.1"

"vary@~1.1.2":
  "integrity" "sha1-IpnwLG3tMNSllhsLn3RSShj2NPw="
  "resolved" "https://registry.npmjs.org/vary/-/vary-1.1.2.tgz"
  "version" "1.1.2"
